
Microsoft Visual Studio Solution File, Format Version 12.00
# Visual Studio Version 17
VisualStudioVersion = 17.14.36930.0
MinimumVisualStudioVersion = 10.0.40219.1
Project("{00D1A9C2-B5F0-4AF3-8072-F6C62B433612}") = "VieCloudColombia", "Vie_ERP\VieCloudColombia.sqlproj", "{39DE7884-CAAA-4F8E-88ED-FBE9D9C5BCC8}"
EndProject
Project("{00D1A9C2-B5F0-4AF3-8072-F6C62B433612}") = "INDIGOSEC", "INDIGOSEC\INDIGOSEC.sqlproj", "{20308FAE-37B5-4CA1-AD4D-4B694A323838}"
EndProject
Project("{00D1A9C2-B5F0-4AF3-8072-F6C62B433612}") = "regulatory", "regulatory\regulatory.sqlproj", "{99E569BC-F253-4E2E-9838-DBBCA8816FE7}"
EndProject
Global
	GlobalSection(SolutionConfigurationPlatforms) = preSolution
		Debug|Any CPU = Debug|Any CPU
		Release|Any CPU = Release|Any CPU
	EndGlobalSection
	GlobalSection(ProjectConfigurationPlatforms) = postSolution
		{39DE7884-CAAA-4F8E-88ED-FBE9D9C5BCC8}.Debug|Any CPU.ActiveCfg = Debug|Any CPU
		{39DE7884-CAAA-4F8E-88ED-FBE9D9C5BCC8}.Debug|Any CPU.Build.0 = Debug|Any CPU
		{39DE7884-CAAA-4F8E-88ED-FBE9D9C5BCC8}.Debug|Any CPU.Deploy.0 = Debug|Any CPU
		{39DE7884-CAAA-4F8E-88ED-FBE9D9C5BCC8}.Release|Any CPU.ActiveCfg = Release|Any CPU
		{39DE7884-CAAA-4F8E-88ED-FBE9D9C5BCC8}.Release|Any CPU.Build.0 = Release|Any CPU
		{39DE7884-CAAA-4F8E-88ED-FBE9D9C5BCC8}.Release|Any CPU.Deploy.0 = Release|Any CPU
		{20308FAE-37B5-4CA1-AD4D-4B694A323838}.Debug|Any CPU.ActiveCfg = Debug|Any CPU
		{20308FAE-37B5-4CA1-AD4D-4B694A323838}.Debug|Any CPU.Build.0 = Debug|Any CPU
		{20308FAE-37B5-4CA1-AD4D-4B694A323838}.Debug|Any CPU.Deploy.0 = Debug|Any CPU
		{20308FAE-37B5-4CA1-AD4D-4B694A323838}.Release|Any CPU.ActiveCfg = Release|Any CPU
		{20308FAE-37B5-4CA1-AD4D-4B694A323838}.Release|Any CPU.Build.0 = Release|Any CPU
		{20308FAE-37B5-4CA1-AD4D-4B694A323838}.Release|Any CPU.Deploy.0 = Release|Any CPU
		{99E569BC-F253-4E2E-9838-DBBCA8816FE7}.Debug|Any CPU.ActiveCfg = Debug|Any CPU
		{99E569BC-F253-4E2E-9838-DBBCA8816FE7}.Debug|Any CPU.Build.0 = Debug|Any CPU
		{99E569BC-F253-4E2E-9838-DBBCA8816FE7}.Debug|Any CPU.Deploy.0 = Debug|Any CPU
		{99E569BC-F253-4E2E-9838-DBBCA8816FE7}.Release|Any CPU.ActiveCfg = Release|Any CPU
		{99E569BC-F253-4E2E-9838-DBBCA8816FE7}.Release|Any CPU.Build.0 = Release|Any CPU
		{99E569BC-F253-4E2E-9838-DBBCA8816FE7}.Release|Any CPU.Deploy.0 = Release|Any CPU
	EndGlobalSection
	GlobalSection(SolutionProperties) = preSolution
		HideSolutionNode = FALSE
	EndGlobalSection
	GlobalSection(ExtensibilityGlobals) = postSolution
		SolutionGuid = {7975FBE1-6302-4EE2-AFF5-5EA2E2599DC2}
	EndGlobalSection
EndGlobal
